
Microsoft Visual Studio Solution File, Format Version 12.00
# Visual Studio Version 16
VisualStudioVersion = 16.0.30907.101
MinimumVisualStudioVersion = 10.0.40219.1
Project("{FAE04EC0-301F-11D3-BF4B-00C04F79EFBC}") = "Auth_", "Auth_\Auth_.csproj", "{B60BDE28-48C5-422B-9A08-9C270B8D8489}"
EndProject
Global
	GlobalSection(SolutionConfigurationPlatforms) = preSolution
		Debug|Any CPU = Debug|Any CPU
		Release|Any CPU = Release|Any CPU
	EndGlobalSection
	GlobalSection(ProjectConfigurationPlatforms) = postSolution
		{B60BDE28-48C5-422B-9A08-9C270B8D8489}.Debug|Any CPU.ActiveCfg = Debug|Any CPU
		{B60BDE28-48C5-422B-9A08-9C270B8D8489}.Debug|Any CPU.Build.0 = Debug|Any CPU
		{B60BDE28-48C5-422B-9A08-9C270B8D8489}.Release|Any CPU.ActiveCfg = Release|Any CPU
		{B60BDE28-48C5-422B-9A08-9C270B8D8489}.Release|Any CPU.Build.0 = Release|Any CPU
	EndGlobalSection
	GlobalSection(SolutionProperties) = preSolution
		HideSolutionNode = FALSE
	EndGlobalSection
	GlobalSection(ExtensibilityGlobals) = postSolution
		SolutionGuid = {025C73A7-919A-47CA-95FE-D01EEDCDB621}
	EndGlobalSection
EndGlobal
